// !$*UTF8*$!
{
	archiveVersion = 1;
	classes = {
	};
	objectVersion = 50;
	objects = {

/* Begin PBXBuildFile section */
		C8AFEABF21424ABF001DD58A /* AppDelegate.swift in Sources */ = {isa = PBXBuildFile; fileRef = C8AFEABE21424ABF001DD58A /* AppDelegate.swift */; };
		C8AFEAC121424ABF001DD58A /* ViewController.swift in Sources */ = {isa = PBXBuildFile; fileRef = C8AFEAC021424ABF001DD58A /* ViewController.swift */; };
		C8AFEAC421424ABF001DD58A /* Main.storyboard in Resources */ = {isa = PBXBuildFile; fileRef = C8AFEAC221424ABF001DD58A /* Main.storyboard */; };
		C8AFEAC621424AC2001DD58A /* Assets.xcassets in Resources */ = {isa = PBXBuildFile; fileRef = C8AFEAC521424AC2001DD58A /* Assets.xcassets */; };
		C8AFEAC921424AC2001DD58A /* LaunchScreen.storyboard in Resources */ = {isa = PBXBuildFile; fileRef = C8AFEAC721424AC2001DD58A /* LaunchScreen.storyboard */; };
		C8AFEAD421424AC2001DD58A /* MVVMTests.swift in Sources */ = {isa = PBXBuildFile; fileRef = C8AFEAD321424AC2001DD58A /* MVVMTests.swift */; };
		C8AFEADF21424AC2001DD58A /* MVVMUITests.swift in Sources */ = {isa = PBXBuildFile; fileRef = C8AFEADE21424AC2001DD58A /* MVVMUITests.swift */; };
/* End PBXBuildFile section */

/* Begin PBXContainerItemProxy section */
		C8AFEAD021424AC2001DD58A /* PBXContainerItemProxy */ = {
			isa = PBXContainerItemProxy;
			containerPortal = C8AFEAB321424ABF001DD58A /* Project object */;
			proxyType = 1;
			remoteGlobalIDString = C8AFEABA21424ABF001DD58A;
			remoteInfo = MVVM;
		};
		C8AFEADB21424AC2001DD58A /* PBXContainerItemProxy */ = {
			isa = PBXContainerItemProxy;
			containerPortal = C8AFEAB321424ABF001DD58A /* Project object */;
			proxyType = 1;
			remoteGlobalIDString = C8AFEABA21424ABF001DD58A;
			remoteInfo = MVVM;
		};
/* End PBXContainerItemProxy section */

/* Begin PBXFileReference section */
		C8AFEABB21424ABF001DD58A /* MVVM.app */ = {isa = PBXFileReference; explicitFileType = wrapper.application; includeInIndex = 0; path = MVVM.app; sourceTree = BUILT_PRODUCTS_DIR; };
		C8AFEABE21424ABF001DD58A /* AppDelegate.swift */ = {isa = PBXFileReference; lastKnownFileType = sourcecode.swift; path = AppDelegate.swift; sourceTree = "<group>"; };
		C8AFEAC021424ABF001DD58A /* ViewController.swift */ = {isa = PBXFileReference; lastKnownFileType = sourcecode.swift; path = ViewController.swift; sourceTree = "<group>"; };
		C8AFEAC321424ABF001DD58A /* Base */ = {isa = PBXFileReference; lastKnownFileType = file.storyboard; name = Base; path = Base.lproj/Main.storyboard; sourceTree = "<group>"; };
		C8AFEAC521424AC2001DD58A /* Assets.xcassets */ = {isa = PBXFileReference; lastKnownFileType = folder.assetcatalog; path = Assets.xcassets; sourceTree = "<group>"; };
		C8AFEAC821424AC2001DD58A /* Base */ = {isa = PBXFileReference; lastKnownFileType = file.storyboard; name = Base; path = Base.lproj/LaunchScreen.storyboard; sourceTree = "<group>"; };
		C8AFEACA21424AC2001DD58A /* Info.plist */ = {isa = PBXFileReference; lastKnownFileType = text.plist.xml; path = Info.plist; sourceTree = "<group>"; };
		C8AFEACF21424AC2001DD58A /* MVVMTests.xctest */ = {isa = PBXFileReference; explicitFileType = wrapper.cfbundle; includeInIndex = 0; path = MVVMTests.xctest; sourceTree = BUILT_PRODUCTS_DIR; };
		C8AFEAD321424AC2001DD58A /* MVVMTests.swift */ = {isa = PBXFileReference; lastKnownFileType = sourcecode.swift; path = MVVMTests.swift; sourceTree = "<group>"; };
		C8AFEAD521424AC2001DD58A /* Info.plist */ = {isa = PBXFileReference; lastKnownFileType = text.plist.xml; path = Info.plist; sourceTree = "<group>"; };
		C8AFEADA21424AC2001DD58A /* MVVMUITests.xctest */ = {isa = PBXFileReference; explicitFileType = wrapper.cfbundle; includeInIndex = 0; path = MVVMUITests.xctest; sourceTree = BUILT_PRODUCTS_DIR; };
		C8AFEADE21424AC2001DD58A /* MVVMUITests.swift */ = {isa = PBXFileReference; lastKnownFileType = sourcecode.swift; path = MVVMUITests.swift; sourceTree = "<group>"; };
		C8AFEAE021424AC2001DD58A /* Info.plist */ = {isa = PBXFileReference; lastKnownFileType = text.plist.xml; path = Info.plist; sourceTree = "<group>"; };
/* End PBXFileReference section */

/* Begin PBXFrameworksBuildPhase section */
		C8AFEAB821424ABF001DD58A /* Frameworks */ = {
			isa = PBXFrameworksBuildPhase;
			buildActionMask = 2147483647;
			files = (
			);
			runOnlyForDeploymentPostprocessing = 0;
		};
		C8AFEACC21424AC2001DD58A /* Frameworks */ = {
			isa = PBXFrameworksBuildPhase;
			buildActionMask = 2147483647;
			files = (
			);
			runOnlyForDeploymentPostprocessing = 0;
		};
		C8AFEAD721424AC2001DD58A /* Frameworks */ = {
			isa = PBXFrameworksBuildPhase;
			buildActionMask = 2147483647;
			files = (
			);
			runOnlyForDeploymentPostprocessing = 0;
		};
/* End PBXFrameworksBuildPhase section */

/* Begin PBXGroup section */
		C8AFEAB221424ABF001DD58A = {
			isa = PBXGroup;
			children = (
				C8AFEABD21424ABF001DD58A /* MVVM */,
				C8AFEAD221424AC2001DD58A /* MVVMTests */,
				C8AFEADD21424AC2001DD58A /* MVVMUITests */,
				C8AFEABC21424ABF001DD58A /* Products */,
			);
			sourceTree = "<group>";
		};
		C8AFEABC21424ABF001DD58A /* Products */ = {
			isa = PBXGroup;
			children = (
				C8AFEABB21424ABF001DD58A /* MVVM.app */,
				C8AFEACF21424AC2001DD58A /* MVVMTests.xctest */,
				C8AFEADA21424AC2001DD58A /* MVVMUITests.xctest */,
			);
			name = Products;
			sourceTree = "<group>";
		};
		C8AFEABD21424ABF001DD58A /* MVVM */ = {
			isa = PBXGroup;
			children = (
				C8AFEABE21424ABF001DD58A /* AppDelegate.swift */,
				C8AFEAC021424ABF001DD58A /* ViewController.swift */,
				C8AFEAC221424ABF001DD58A /* Main.storyboard */,
				C8AFEAC521424AC2001DD58A /* Assets.xcassets */,
				C8AFEAC721424AC2001DD58A /* LaunchScreen.storyboard */,
				C8AFEACA21424AC2001DD58A /* Info.plist */,
			);
			path = MVVM;
			sourceTree = "<group>";
		};
		C8AFEAD221424AC2001DD58A /* MVVMTests */ = {
			isa = PBXGroup;
			children = (
				C8AFEAD321424AC2001DD58A /* MVVMTests.swift */,
				C8AFEAD521424AC2001DD58A /* Info.plist */,
			);
			path = MVVMTests;
			sourceTree = "<group>";
		};
		C8AFEADD21424AC2001DD58A /* MVVMUITests */ = {
			isa = PBXGroup;
			children = (
				C8AFEADE21424AC2001DD58A /* MVVMUITests.swift */,
				C8AFEAE021424AC2001DD58A /* Info.plist */,
			);
			path = MVVMUITests;
			sourceTree = "<group>";
		};
/* End PBXGroup section */

/* Begin PBXNativeTarget section */
		C8AFEABA21424ABF001DD58A /* MVVM */ = {
			isa = PBXNativeTarget;
			buildConfigurationList = C8AFEAE321424AC2001DD58A /* Build configuration list for PBXNativeTarget "MVVM" */;
			buildPhases = (
				C8AFEAB721424ABF001DD58A /* Sources */,
				C8AFEAB821424ABF001DD58A /* Frameworks */,
				C8AFEAB921424ABF001DD58A /* Resources */,
			);
			buildRules = (
			);
			dependencies = (
			);
			name = MVVM;
			productName = MVVM;
			productReference = C8AFEABB21424ABF001DD58A /* MVVM.app */;
			productType = "com.apple.product-type.application";
		};
		C8AFEACE21424AC2001DD58A /* MVVMTests */ = {
			isa = PBXNativeTarget;
			buildConfigurationList = C8AFEAE621424AC2001DD58A /* Build configuration list for PBXNativeTarget "MVVMTests" */;
			buildPhases = (
				C8AFEACB21424AC2001DD58A /* Sources */,
				C8AFEACC21424AC2001DD58A /* Frameworks */,
				C8AFEACD21424AC2001DD58A /* Resources */,
			);
			buildRules = (
			);
			dependencies = (
				C8AFEAD121424AC2001DD58A /* PBXTargetDependency */,
			);
			name = MVVMTests;
			productName = MVVMTests;
			productReference = C8AFEACF21424AC2001DD58A /* MVVMTests.xctest */;
			productType = "com.apple.product-type.bundle.unit-test";
		};
		C8AFEAD921424AC2001DD58A /* MVVMUITests */ = {
			isa = PBXNativeTarget;
			buildConfigurationList = C8AFEAE921424AC2001DD58A /* Build configuration list for PBXNativeTarget "MVVMUITests" */;
			buildPhases = (
				C8AFEAD621424AC2001DD58A /* Sources */,
				C8AFEAD721424AC2001DD58A /* Frameworks */,
				C8AFEAD821424AC2001DD58A /* Resources */,
			);
			buildRules = (
			);
			dependencies = (
				C8AFEADC21424AC2001DD58A /* PBXTargetDependency */,
			);
			name = MVVMUITests;
			productName = MVVMUITests;
			productReference = C8AFEADA21424AC2001DD58A /* MVVMUITests.xctest */;
			productType = "com.apple.product-type.bundle.ui-testing";
		};
/* End PBXNativeTarget section */

/* Begin PBXProject section */
		C8AFEAB321424ABF001DD58A /* Project object */ = {
			isa = PBXProject;
			attributes = {
				LastSwiftUpdateCheck = 0940;
				LastUpgradeCheck = 0940;
				ORGANIZATIONNAME = Nandha;
				TargetAttributes = {
					C8AFEABA21424ABF001DD58A = {
						CreatedOnToolsVersion = 9.4.1;
					};
					C8AFEACE21424AC2001DD58A = {
						CreatedOnToolsVersion = 9.4.1;
						TestTargetID = C8AFEABA21424ABF001DD58A;
					};
					C8AFEAD921424AC2001DD58A = {
						CreatedOnToolsVersion = 9.4.1;
						TestTargetID = C8AFEABA21424ABF001DD58A;
					};
				};
			};
			buildConfigurationList = C8AFEAB621424ABF001DD58A /* Build configuration list for PBXProject "MVVM" */;
			compatibilityVersion = "Xcode 9.3";
			developmentRegion = en;
			hasScannedForEncodings = 0;
			knownRegions = (
				en,
				Base,
			);
			mainGroup = C8AFEAB221424ABF001DD58A;
			productRefGroup = C8AFEABC21424ABF001DD58A /* Products */;
			projectDirPath = "";
			projectRoot = "";
			targets = (
				C8AFEABA21424ABF001DD58A /* MVVM */,
				C8AFEACE21424AC2001DD58A /* MVVMTests */,
				C8AFEAD921424AC2001DD58A /* MVVMUITests */,
			);
		};
/* End PBXProject section */

/* Begin PBXResourcesBuildPhase section */
		C8AFEAB921424ABF001DD58A /* Resources */ = {
			isa = PBXResourcesBuildPhase;
			buildActionMask = 2147483647;
			files = (
				C8AFEAC921424AC2001DD58A /* LaunchScreen.storyboard in Resources */,
				C8AFEAC621424AC2001DD58A /* Assets.xcassets in Resources */,
				C8AFEAC421424ABF001DD58A /* Main.storyboard in Resources */,
			);
			runOnlyForDeploymentPostprocessing = 0;
		};
		C8AFEACD21424AC2001DD58A /* Resources */ = {
			isa = PBXResourcesBuildPhase;
			buildActionMask = 2147483647;
			files = (
			);
			runOnlyForDeploymentPostprocessing = 0;
		};
		C8AFEAD821424AC2001DD58A /* Resources */ = {
			isa = PBXResourcesBuildPhase;
			buildActionMask = 2147483647;
			files = (
			);
			runOnlyForDeploymentPostprocessing = 0;
		};
/* End PBXResourcesBuildPhase section */

/* Begin PBXSourcesBuildPhase section */
		C8AFEAB721424ABF001DD58A /* Sources */ = {
			isa = PBXSourcesBuildPhase;
			buildActionMask = 2147483647;
			files = (
				C8AFEAC121424ABF001DD58A /* ViewController.swift in Sources */,
				C8AFEABF21424ABF001DD58A /* AppDelegate.swift in Sources */,
			);
			runOnlyForDeploymentPostprocessing = 0;
		};
		C8AFEACB21424AC2001DD58A /* Sources */ = {
			isa = PBXSourcesBuildPhase;
			buildActionMask = 2147483647;
			files = (
				C8AFEAD421424AC2001DD58A /* MVVMTests.swift in Sources */,
			);
			runOnlyForDeploymentPostprocessing = 0;
		};
		C8AFEAD621424AC2001DD58A /* Sources */ = {
			isa = PBXSourcesBuildPhase;
			buildActionMask = 2147483647;
			files = (
				C8AFEADF21424AC2001DD58A /* MVVMUITests.swift in Sources */,
			);
			runOnlyForDeploymentPostprocessing = 0;
		};
/* End PBXSourcesBuildPhase section */

/* Begin PBXTargetDependency section */
		C8AFEAD121424AC2001DD58A /* PBXTargetDependency */ = {
			isa = PBXTargetDependency;
			target = C8AFEABA21424ABF001DD58A /* MVVM */;
			targetProxy = C8AFEAD021424AC2001DD58A /* PBXContainerItemProxy */;
		};
		C8AFEADC21424AC2001DD58A /* PBXTargetDependency */ = {
			isa = PBXTargetDependency;
			target = C8AFEABA21424ABF001DD58A /* MVVM */;
			targetProxy = C8AFEADB21424AC2001DD58A /* PBXContainerItemProxy */;
		};
/* End PBXTargetDependency section */

/* Begin PBXVariantGroup section */
		C8AFEAC221424ABF001DD58A /* Main.storyboard */ = {
			isa = PBXVariantGroup;
			children = (
				C8AFEAC321424ABF001DD58A /* Base */,
			);
			name = Main.storyboard;
			sourceTree = "<group>";
		};
		C8AFEAC721424AC2001DD58A /* LaunchScreen.storyboard */ = {
			isa = PBXVariantGroup;
			children = (
				C8AFEAC821424AC2001DD58A /* Base */,
			);
			name = LaunchScreen.storyboard;
			sourceTree = "<group>";
		};
/* End PBXVariantGroup section */

/* Begin XCBuildConfiguration section */
		C8AFEAE121424AC2001DD58A /* Debug */ = {
			isa = XCBuildConfiguration;
			buildSettings = {
				ALWAYS_SEARCH_USER_PATHS = NO;
				CLANG_ANALYZER_NONNULL = YES;
				CLANG_ANALYZER_NUMBER_OBJECT_CONVERSION = YES_AGGRESSIVE;
				CLANG_CXX_LANGUAGE_STANDARD = "gnu++14";
				CLANG_CXX_LIBRARY = "libc++";
				CLANG_ENABLE_MODULES = YES;
				CLANG_ENABLE_OBJC_ARC = YES;
				CLANG_ENABLE_OBJC_WEAK = YES;
				CLANG_WARN_BLOCK_CAPTURE_AUTORELEASING = YES;
				CLANG_WARN_BOOL_CONVERSION = YES;
				CLANG_WARN_COMMA = YES;
				CLANG_WARN_CONSTANT_CONVERSION = YES;
				CLANG_WARN_DEPRECATED_OBJC_IMPLEMENTATIONS = YES;
				CLANG_WARN_DIRECT_OBJC_ISA_USAGE = YES_ERROR;
				CLANG_WARN_DOCUMENTATION_COMMENTS = YES;
				CLANG_WARN_EMPTY_BODY = YES;
				CLANG_WARN_ENUM_CONVERSION = YES;
				CLANG_WARN_INFINITE_RECURSION = YES;
				CLANG_WARN_INT_CONVERSION = YES;
				CLANG_WARN_NON_LITERAL_NULL_CONVERSION = YES;
				CLANG_WARN_OBJC_IMPLICIT_RETAIN_SELF = YES;
				CLANG_WARN_OBJC_LITERAL_CONVERSION = YES;
				CLANG_WARN_OBJC_ROOT_CLASS = YES_ERROR;
				CLANG_WARN_RANGE_LOOP_ANALYSIS = YES;
				CLANG_WARN_STRICT_PROTOTYPES = YES;
				CLANG_WARN_SUSPICIOUS_MOVE = YES;
				CLANG_WARN_UNGUARDED_AVAILABILITY = YES_AGGRESSIVE;
				CLANG_WARN_UNREACHABLE_CODE = YES;
				CLANG_WARN__DUPLICATE_METHOD_MATCH = YES;
				CODE_SIGN_IDENTITY = "iPhone Developer";
				COPY_PHASE_STRIP = NO;
				DEBUG_INFORMATION_FORMAT = dwarf;
				ENABLE_STRICT_OBJC_MSGSEND = YES;
				ENABLE_TESTABILITY = YES;
				GCC_C_LANGUAGE_STANDARD = gnu11;
				GCC_DYNAMIC_NO_PIC = NO;
				GCC_NO_COMMON_BLOCKS = YES;
				GCC_OPTIMIZATION_LEVEL = 0;
				GCC_PREPROCESSOR_DEFINITIONS = (
					"DEBUG=1",
					"$(inherited)",
				);
				GCC_WARN_64_TO_32_BIT_CONVERSION = YES;
				GCC_WARN_ABOUT_RETURN_TYPE = YES_ERROR;
				GCC_WARN_UNDECLARED_SELECTOR = YES;
				GCC_WARN_UNINITIALIZED_AUTOS = YES_AGGRESSIVE;
				GCC_WARN_UNUSED_FUNCTION = YES;
				GCC_WARN_UNUSED_VARIABLE = YES;
				IPHONEOS_DEPLOYMENT_TARGET = 11.4;
				MTL_ENABLE_DEBUG_INFO = YES;
				ONLY_ACTIVE_ARCH = YES;
				SDKROOT = iphoneos;
				SWIFT_ACTIVE_COMPILATION_CONDITIONS = DEBUG;
				SWIFT_OPTIMIZATION_LEVEL = "-Onone";
			};
			name = Debug;
		};
		C8AFEAE221424AC2001DD58A /* Release */ = {
			isa = XCBuildConfiguration;
			buildSettings = {
				ALWAYS_SEARCH_USER_PATHS = NO;
				CLANG_ANALYZER_NONNULL = YES;
				CLANG_ANALYZER_NUMBER_OBJECT_CONVERSION = YES_AGGRESSIVE;
				CLANG_CXX_LANGUAGE_STANDARD = "gnu++14";
				CLANG_CXX_LIBRARY = "libc++";
				CLANG_ENABLE_MODULES = YES;
				CLANG_ENABLE_OBJC_ARC = YES;
				CLANG_ENABLE_OBJC_WEAK = YES;
				CLANG_WARN_BLOCK_CAPTURE_AUTORELEASING = YES;
				CLANG_WARN_BOOL_CONVERSION = YES;
				CLANG_WARN_COMMA = YES;
				CLANG_WARN_CONSTANT_CONVERSION = YES;
				CLANG_WARN_DEPRECATED_OBJC_IMPLEMENTATIONS = YES;
				CLANG_WARN_DIRECT_OBJC_ISA_USAGE = YES_ERROR;
				CLANG_WARN_DOCUMENTATION_COMMENTS = YES;
				CLANG_WARN_EMPTY_BODY = YES;
				CLANG_WARN_ENUM_CONVERSION = YES;
				CLANG_WARN_INFINITE_RECURSION = YES;
				CLANG_WARN_INT_CONVERSION = YES;
				CLANG_WARN_NON_LITERAL_NULL_CONVERSION = YES;
				CLANG_WARN_OBJC_IMPLICIT_RETAIN_SELF = YES;
				CLANG_WARN_OBJC_LITERAL_CONVERSION = YES;
				CLANG_WARN_OBJC_ROOT_CLASS = YES_ERROR;
				CLANG_WARN_RANGE_LOOP_ANALYSIS = YES;
				CLANG_WARN_STRICT_PROTOTYPES = YES;
				CLANG_WARN_SUSPICIOUS_MOVE = YES;
				CLANG_WARN_UNGUARDED_AVAILABILITY = YES_AGGRESSIVE;
				CLANG_WARN_UNREACHABLE_CODE = YES;
				CLANG_WARN__DUPLICATE_METHOD_MATCH = YES;
				CODE_SIGN_IDENTITY = "iPhone Developer";
				COPY_PHASE_STRIP = NO;
				DEBUG_INFORMATION_FORMAT = "dwarf-with-dsym";
				ENABLE_NS_ASSERTIONS = NO;
				ENABLE_STRICT_OBJC_MSGSEND = YES;
				GCC_C_LANGUAGE_STANDARD = gnu11;
				GCC_NO_COMMON_BLOCKS = YES;
				GCC_WARN_64_TO_32_BIT_CONVERSION = YES;
				GCC_WARN_ABOUT_RETURN_TYPE = YES_ERROR;
				GCC_WARN_UNDECLARED_SELECTOR = YES;
				GCC_WARN_UNINITIALIZED_AUTOS = YES_AGGRESSIVE;
				GCC_WARN_UNUSED_FUNCTION = YES;
				GCC_WARN_UNUSED_VARIABLE = YES;
				IPHONEOS_DEPLOYMENT_TARGET = 11.4;
				MTL_ENABLE_DEBUG_INFO = NO;
				SDKROOT = iphoneos;
				SWIFT_COMPILATION_MODE = wholemodule;
				SWIFT_OPTIMIZATION_LEVEL = "-O";
				VALIDATE_PRODUCT = YES;
			};
			name = Release;
		};
		C8AFEAE421424AC2001DD58A /* Debug */ = {
			isa = XCBuildConfiguration;
			buildSettings = {
				ASSETCATALOG_COMPILER_APPICON_NAME = AppIcon;
				CODE_SIGN_STYLE = Automatic;
				DEVELOPMENT_TEAM = 4PMSY4BA5W;
				INFOPLIST_FILE = MVVM/Info.plist;
				LD_RUNPATH_SEARCH_PATHS = (
					"$(inherited)",
					"@executable_path/Frameworks",
				);
				PRODUCT_BUNDLE_IDENTIFIER = com.dbn.MVVM;
				PRODUCT_NAME = "$(TARGET_NAME)";
				SWIFT_VERSION = 4.0;
				TARGETED_DEVICE_FAMILY = "1,2";
			};
			name = Debug;
		};
		C8AFEAE521424AC2001DD58A /* Release */ = {
			isa = XCBuildConfiguration;
			buildSettings = {
				ASSETCATALOG_COMPILER_APPICON_NAME = AppIcon;
				CODE_SIGN_STYLE = Automatic;
				DEVELOPMENT_TEAM = 4PMSY4BA5W;
				INFOPLIST_FILE = MVVM/Info.plist;
				LD_RUNPATH_SEARCH_PATHS = (
					"$(inherited)",
					"@executable_path/Frameworks",
				);
				PRODUCT_BUNDLE_IDENTIFIER = com.dbn.MVVM;
				PRODUCT_NAME = "$(TARGET_NAME)";
				SWIFT_VERSION = 4.0;
				TARGETED_DEVICE_FAMILY = "1,2";
			};
			name = Release;
		};
		C8AFEAE721424AC2001DD58A /* Debug */ = {
			isa = XCBuildConfiguration;
			buildSettings = {
				ALWAYS_EMBED_SWIFT_STANDARD_LIBRARIES = YES;
				BUNDLE_LOADER = "$(TEST_HOST)";
				CODE_SIGN_STYLE = Automatic;
				DEVELOPMENT_TEAM = 4PMSY4BA5W;
				INFOPLIST_FILE = MVVMTests/Info.plist;
				LD_RUNPATH_SEARCH_PATHS = (
					"$(inherited)",
					"@executable_path/Frameworks",
					"@loader_path/Frameworks",
				);
				PRODUCT_BUNDLE_IDENTIFIER = com.dbn.MVVMTests;
				PRODUCT_NAME = "$(TARGET_NAME)";
				SWIFT_VERSION = 4.0;
				TARGETED_DEVICE_FAMILY = "1,2";
				TEST_HOST = "$(BUILT_PRODUCTS_DIR)/MVVM.app/MVVM";
			};
			name = Debug;
		};
		C8AFEAE821424AC2001DD58A /* Release */ = {
			isa = XCBuildConfiguration;
			buildSettings = {
				ALWAYS_EMBED_SWIFT_STANDARD_LIBRARIES = YES;
				BUNDLE_LOADER = "$(TEST_HOST)";
				CODE_SIGN_STYLE = Automatic;
				DEVELOPMENT_TEAM = 4PMSY4BA5W;
				INFOPLIST_FILE = MVVMTests/Info.plist;
				LD_RUNPATH_SEARCH_PATHS = (
					"$(inherited)",
					"@executable_path/Frameworks",
					"@loader_path/Frameworks",
				);
				PRODUCT_BUNDLE_IDENTIFIER = com.dbn.MVVMTests;
				PRODUCT_NAME = "$(TARGET_NAME)";
				SWIFT_VERSION = 4.0;
				TARGETED_DEVICE_FAMILY = "1,2";
				TEST_HOST = "$(BUILT_PRODUCTS_DIR)/MVVM.app/MVVM";
			};
			name = Release;
		};
		C8AFEAEA21424AC2001DD58A /* Debug */ = {
			isa = XCBuildConfiguration;
			buildSettings = {
				ALWAYS_EMBED_SWIFT_STANDARD_LIBRARIES = YES;
				CODE_SIGN_STYLE = Automatic;
				DEVELOPMENT_TEAM = 4PMSY4BA5W;
				INFOPLIST_FILE = MVVMUITests/Info.plist;
				LD_RUNPATH_SEARCH_PATHS = (
					"$(inherited)",
					"@executable_path/Frameworks",
					"@loader_path/Frameworks",
				);
				PRODUCT_BUNDLE_IDENTIFIER = com.dbn.MVVMUITests;
				PRODUCT_NAME = "$(TARGET_NAME)";
				SWIFT_VERSION = 4.0;
				TARGETED_DEVICE_FAMILY = "1,2";
				TEST_TARGET_NAME = MVVM;
			};
			name = Debug;
		};
		C8AFEAEB21424AC2001DD58A /* Release */ = {
			isa = XCBuildConfiguration;
			buildSettings = {
				ALWAYS_EMBED_SWIFT_STANDARD_LIBRARIES = YES;
				CODE_SIGN_STYLE = Automatic;
				DEVELOPMENT_TEAM = 4PMSY4BA5W;
				INFOPLIST_FILE = MVVMUITests/Info.plist;
				LD_RUNPATH_SEARCH_PATHS = (
					"$(inherited)",
					"@executable_path/Frameworks",
					"@loader_path/Frameworks",
				);
				PRODUCT_BUNDLE_IDENTIFIER = com.dbn.MVVMUITests;
				PRODUCT_NAME = "$(TARGET_NAME)";
				SWIFT_VERSION = 4.0;
				TARGETED_DEVICE_FAMILY = "1,2";
				TEST_TARGET_NAME = MVVM;
			};
			name = Release;
		};
/* End XCBuildConfiguration section */

/* Begin XCConfigurationList section */
		C8AFEAB621424ABF001DD58A /* Build configuration list for PBXProject "MVVM" */ = {
			isa = XCConfigurationList;
			buildConfigurations = (
				C8AFEAE121424AC2001DD58A /* Debug */,
				C8AFEAE221424AC2001DD58A /* Release */,
			);
			defaultConfigurationIsVisible = 0;
			defaultConfigurationName = Release;
		};
		C8AFEAE321424AC2001DD58A /* Build configuration list for PBXNativeTarget "MVVM" */ = {
			isa = XCConfigurationList;
			buildConfigurations = (
				C8AFEAE421424AC2001DD58A /* Debug */,
				C8AFEAE521424AC2001DD58A /* Release */,
			);
			defaultConfigurationIsVisible = 0;
			defaultConfigurationName = Release;
		};
		C8AFEAE621424AC2001DD58A /* Build configuration list for PBXNativeTarget "MVVMTests" */ = {
			isa = XCConfigurationList;
			buildConfigurations = (
				C8AFEAE721424AC2001DD58A /* Debug */,
				C8AFEAE821424AC2001DD58A /* Release */,
			);
			defaultConfigurationIsVisible = 0;
			defaultConfigurationName = Release;
		};
		C8AFEAE921424AC2001DD58A /* Build configuration list for PBXNativeTarget "MVVMUITests" */ = {
			isa = XCConfigurationList;
			buildConfigurations = (
				C8AFEAEA21424AC2001DD58A /* Debug */,
				C8AFEAEB21424AC2001DD58A /* Release */,
			);
			defaultConfigurationIsVisible = 0;
			defaultConfigurationName = Release;
		};
/* End XCConfigurationList section */
	};
	rootObject = C8AFEAB321424ABF001DD58A /* Project object */;
}
